
Microsoft Visual Studio Solution File, Format Version 12.00
# Visual Studio 15
VisualStudioVersion = 15.0.28307.572
MinimumVisualStudioVersion = 10.0.40219.1
Project("{2150E333-8FDC-42A3-9474-1A3956D46DE8}") = "Solution Items", "Solution Items", "{7F516CB0-774F-422B-A608-CD13AA922E5C}"
	ProjectSection(SolutionItems) = preProject
		NIHF React Test.docx = NIHF React Test.docx
	EndProjectSection
EndProject
Global
	GlobalSection(SolutionProperties) = preSolution
		HideSolutionNode = FALSE
	EndGlobalSection
	GlobalSection(ExtensibilityGlobals) = postSolution
		SolutionGuid = {FF2E65BB-C74A-4397-B075-FB47067229BA}
	EndGlobalSection
EndGlobal
